
Microsoft Visual Studio Solution File, Format Version 12.00
# Visual Studio Version 17
VisualStudioVersion = 17.9.34728.123
MinimumVisualStudioVersion = 10.0.40219.1
Project("{2150E333-8FDC-42A3-9474-1A3956D46DE8}") = "Document", "Document", "{A4961A80-53AA-49D3-833F-10387B511760}"
	ProjectSection(SolutionItems) = preProject
		Note.txt = Note.txt
	EndProjectSection
EndProject
Project("{2150E333-8FDC-42A3-9474-1A3956D46DE8}") = "Solution Items", "Solution Items", "{99A68F0F-F8E9-4F40-B6AF-F6A2D40811D2}"
	ProjectSection(SolutionItems) = preProject
		.gitignore = .gitignore
		Directory.Packages.props = Directory.Packages.props
	EndProjectSection
EndProject
Project("{2150E333-8FDC-42A3-9474-1A3956D46DE8}") = "src", "src", "{92F422CE-3B24-4E9F-BF21-A5BE01AA4AED}"
EndProject
Project("{2150E333-8FDC-42A3-9474-1A3956D46DE8}") = "Api", "Api", "{993A0BF4-FFD3-43C8-8F53-35E8439F4B0B}"
EndProject
Project("{2150E333-8FDC-42A3-9474-1A3956D46DE8}") = "Application", "Application", "{841A30CE-E2F5-4822-9F55-3160722421D7}"
EndProject
Project("{2150E333-8FDC-42A3-9474-1A3956D46DE8}") = "Domain", "Domain", "{737CFBC3-C0DF-4268-9D4D-47BB4D3B2DEB}"
EndProject
Project("{2150E333-8FDC-42A3-9474-1A3956D46DE8}") = "Infrastructure", "Infrastructure", "{7FEF955B-0554-4463-A783-7FD281BFD6F8}"
EndProject
Project("{2150E333-8FDC-42A3-9474-1A3956D46DE8}") = "Shared", "Shared", "{4ADAE294-AA71-4820-88ED-7ABC372CE54F}"
EndProject
Project("{9A19103F-16F7-4668-BE54-9A1E7A4F7556}") = "Nursing-Home.WebApi", "src\Api\Nursing-Home.WebApi\Nursing-Home.WebApi.csproj", "{59C25917-BE92-40F0-80F9-B5E2B45CB14A}"
EndProject
Project("{9A19103F-16F7-4668-BE54-9A1E7A4F7556}") = "Nursing-Home.Application", "src\Application\Nursing-Home.Application\Nursing-Home.Application.csproj", "{70E7A0BE-4574-4ADA-A036-BCCEB379E13F}"
EndProject
Project("{9A19103F-16F7-4668-BE54-9A1E7A4F7556}") = "Nursing-Home.Domain", "src\Domain\Nursing-Home.Domain\Nursing-Home.Domain.csproj", "{20A890EE-4FA7-46FD-A09E-B158EA1F1324}"
EndProject
Project("{9A19103F-16F7-4668-BE54-9A1E7A4F7556}") = "Nursing-Home.Infrastructure", "src\Infrastructure\Nursing-Home.Infrastructure\Nursing-Home.Infrastructure.csproj", "{717BCD71-7DB4-4C13-8470-DF2F75BDB4C5}"
EndProject
Project("{9A19103F-16F7-4668-BE54-9A1E7A4F7556}") = "Nursing-Home.Utils", "src\Shared\Nursing-Home.Utils\Nursing-Home.Utils.csproj", "{8BE7E17A-8E41-4653-BEFE-9E8726926E75}"
EndProject
Global
	GlobalSection(SolutionConfigurationPlatforms) = preSolution
		Debug|Any CPU = Debug|Any CPU
		Release|Any CPU = Release|Any CPU
	EndGlobalSection
	GlobalSection(ProjectConfigurationPlatforms) = postSolution
		{59C25917-BE92-40F0-80F9-B5E2B45CB14A}.Debug|Any CPU.ActiveCfg = Debug|Any CPU
		{59C25917-BE92-40F0-80F9-B5E2B45CB14A}.Debug|Any CPU.Build.0 = Debug|Any CPU
		{59C25917-BE92-40F0-80F9-B5E2B45CB14A}.Release|Any CPU.ActiveCfg = Release|Any CPU
		{59C25917-BE92-40F0-80F9-B5E2B45CB14A}.Release|Any CPU.Build.0 = Release|Any CPU
		{70E7A0BE-4574-4ADA-A036-BCCEB379E13F}.Debug|Any CPU.ActiveCfg = Debug|Any CPU
		{70E7A0BE-4574-4ADA-A036-BCCEB379E13F}.Debug|Any CPU.Build.0 = Debug|Any CPU
		{70E7A0BE-4574-4ADA-A036-BCCEB379E13F}.Release|Any CPU.ActiveCfg = Release|Any CPU
		{70E7A0BE-4574-4ADA-A036-BCCEB379E13F}.Release|Any CPU.Build.0 = Release|Any CPU
		{20A890EE-4FA7-46FD-A09E-B158EA1F1324}.Debug|Any CPU.ActiveCfg = Debug|Any CPU
		{20A890EE-4FA7-46FD-A09E-B158EA1F1324}.Debug|Any CPU.Build.0 = Debug|Any CPU
		{20A890EE-4FA7-46FD-A09E-B158EA1F1324}.Release|Any CPU.ActiveCfg = Release|Any CPU
		{20A890EE-4FA7-46FD-A09E-B158EA1F1324}.Release|Any CPU.Build.0 = Release|Any CPU
		{717BCD71-7DB4-4C13-8470-DF2F75BDB4C5}.Debug|Any CPU.ActiveCfg = Debug|Any CPU
		{717BCD71-7DB4-4C13-8470-DF2F75BDB4C5}.Debug|Any CPU.Build.0 = Debug|Any CPU
		{717BCD71-7DB4-4C13-8470-DF2F75BDB4C5}.Release|Any CPU.ActiveCfg = Release|Any CPU
		{717BCD71-7DB4-4C13-8470-DF2F75BDB4C5}.Release|Any CPU.Build.0 = Release|Any CPU
		{8BE7E17A-8E41-4653-BEFE-9E8726926E75}.Debug|Any CPU.ActiveCfg = Debug|Any CPU
		{8BE7E17A-8E41-4653-BEFE-9E8726926E75}.Debug|Any CPU.Build.0 = Debug|Any CPU
		{8BE7E17A-8E41-4653-BEFE-9E8726926E75}.Release|Any CPU.ActiveCfg = Release|Any CPU
		{8BE7E17A-8E41-4653-BEFE-9E8726926E75}.Release|Any CPU.Build.0 = Release|Any CPU
	EndGlobalSection
	GlobalSection(SolutionProperties) = preSolution
		HideSolutionNode = FALSE
	EndGlobalSection
	GlobalSection(NestedProjects) = preSolution
		{993A0BF4-FFD3-43C8-8F53-35E8439F4B0B} = {92F422CE-3B24-4E9F-BF21-A5BE01AA4AED}
		{841A30CE-E2F5-4822-9F55-3160722421D7} = {92F422CE-3B24-4E9F-BF21-A5BE01AA4AED}
		{737CFBC3-C0DF-4268-9D4D-47BB4D3B2DEB} = {92F422CE-3B24-4E9F-BF21-A5BE01AA4AED}
		{7FEF955B-0554-4463-A783-7FD281BFD6F8} = {92F422CE-3B24-4E9F-BF21-A5BE01AA4AED}
		{4ADAE294-AA71-4820-88ED-7ABC372CE54F} = {92F422CE-3B24-4E9F-BF21-A5BE01AA4AED}
		{59C25917-BE92-40F0-80F9-B5E2B45CB14A} = {993A0BF4-FFD3-43C8-8F53-35E8439F4B0B}
		{70E7A0BE-4574-4ADA-A036-BCCEB379E13F} = {841A30CE-E2F5-4822-9F55-3160722421D7}
		{20A890EE-4FA7-46FD-A09E-B158EA1F1324} = {737CFBC3-C0DF-4268-9D4D-47BB4D3B2DEB}
		{717BCD71-7DB4-4C13-8470-DF2F75BDB4C5} = {7FEF955B-0554-4463-A783-7FD281BFD6F8}
		{8BE7E17A-8E41-4653-BEFE-9E8726926E75} = {4ADAE294-AA71-4820-88ED-7ABC372CE54F}
	EndGlobalSection
	GlobalSection(ExtensibilityGlobals) = postSolution
		SolutionGuid = {1A72D93F-32E3-4EC8-9012-0E10F89E12C6}
	EndGlobalSection
EndGlobal
